
Microsoft Visual Studio Solution File, Format Version 12.00
# Visual Studio Version 16
VisualStudioVersion = 16.0.34114.132
MinimumVisualStudioVersion = 10.0.40219.1
Project("{FAE04EC0-301F-11D3-BF4B-00C04F79EFBC}") = "Training", "Training\Training.csproj", "{B7DFBC8C-797F-471E-8D30-E16EAB7BFF3E}"
EndProject
Global
	GlobalSection(SolutionConfigurationPlatforms) = preSolution
		Debug|Any CPU = Debug|Any CPU
		Release|Any CPU = Release|Any CPU
	EndGlobalSection
	GlobalSection(ProjectConfigurationPlatforms) = postSolution
		{B7DFBC8C-797F-471E-8D30-E16EAB7BFF3E}.Debug|Any CPU.ActiveCfg = Debug|Any CPU
		{B7DFBC8C-797F-471E-8D30-E16EAB7BFF3E}.Debug|Any CPU.Build.0 = Debug|Any CPU
		{B7DFBC8C-797F-471E-8D30-E16EAB7BFF3E}.Release|Any CPU.ActiveCfg = Release|Any CPU
		{B7DFBC8C-797F-471E-8D30-E16EAB7BFF3E}.Release|Any CPU.Build.0 = Release|Any CPU
	EndGlobalSection
	GlobalSection(SolutionProperties) = preSolution
		HideSolutionNode = FALSE
	EndGlobalSection
	GlobalSection(ExtensibilityGlobals) = postSolution
		SolutionGuid = {B150772A-9537-45EC-A80F-89BCE26AA9B5}
	EndGlobalSection
EndGlobal
